
Microsoft Visual Studio Solution File, Format Version 11.00
# Visual C# Express 2010
Project("{FAE04EC0-301F-11D3-BF4B-00C04F79EFBC}") = "ClassicReadWrite", "ClassicReadWrite\ClassicReadWrite.csproj", "{D2D2DE8C-BAA4-4401-A1D5-48A7238AB154}"
EndProject
Project("{FAE04EC0-301F-11D3-BF4B-00C04F79EFBC}") = "NfcStarterKitWrap", "..\NfcStarterKitWrap\NfcStarterKitWrap\NfcStarterKitWrap.csproj", "{0DA4E2DE-C397-4A06-B843-245A120DCF9E}"
EndProject
Global
	GlobalSection(SolutionConfigurationPlatforms) = preSolution
		Debug|Any CPU = Debug|Any CPU
		Debug|Mixed Platforms = Debug|Mixed Platforms
		Debug|x86 = Debug|x86
		Release|Any CPU = Release|Any CPU
		Release|Mixed Platforms = Release|Mixed Platforms
		Release|x86 = Release|x86
	EndGlobalSection
	GlobalSection(ProjectConfigurationPlatforms) = postSolution
		{D2D2DE8C-BAA4-4401-A1D5-48A7238AB154}.Debug|Any CPU.ActiveCfg = Debug|x86
		{D2D2DE8C-BAA4-4401-A1D5-48A7238AB154}.Debug|Mixed Platforms.ActiveCfg = Debug|x86
		{D2D2DE8C-BAA4-4401-A1D5-48A7238AB154}.Debug|Mixed Platforms.Build.0 = Debug|x86
		{D2D2DE8C-BAA4-4401-A1D5-48A7238AB154}.Debug|x86.ActiveCfg = Debug|x86
		{D2D2DE8C-BAA4-4401-A1D5-48A7238AB154}.Debug|x86.Build.0 = Debug|x86
		{D2D2DE8C-BAA4-4401-A1D5-48A7238AB154}.Release|Any CPU.ActiveCfg = Release|x86
		{D2D2DE8C-BAA4-4401-A1D5-48A7238AB154}.Release|Mixed Platforms.ActiveCfg = Release|x86
		{D2D2DE8C-BAA4-4401-A1D5-48A7238AB154}.Release|Mixed Platforms.Build.0 = Release|x86
		{D2D2DE8C-BAA4-4401-A1D5-48A7238AB154}.Release|x86.ActiveCfg = Release|x86
		{D2D2DE8C-BAA4-4401-A1D5-48A7238AB154}.Release|x86.Build.0 = Release|x86
		{0DA4E2DE-C397-4A06-B843-245A120DCF9E}.Debug|Any CPU.ActiveCfg = Debug|Any CPU
		{0DA4E2DE-C397-4A06-B843-245A120DCF9E}.Debug|Any CPU.Build.0 = Debug|Any CPU
		{0DA4E2DE-C397-4A06-B843-245A120DCF9E}.Debug|Mixed Platforms.ActiveCfg = Debug|Any CPU
		{0DA4E2DE-C397-4A06-B843-245A120DCF9E}.Debug|Mixed Platforms.Build.0 = Debug|Any CPU
		{0DA4E2DE-C397-4A06-B843-245A120DCF9E}.Debug|x86.ActiveCfg = Debug|Any CPU
		{0DA4E2DE-C397-4A06-B843-245A120DCF9E}.Release|Any CPU.ActiveCfg = Release|Any CPU
		{0DA4E2DE-C397-4A06-B843-245A120DCF9E}.Release|Any CPU.Build.0 = Release|Any CPU
		{0DA4E2DE-C397-4A06-B843-245A120DCF9E}.Release|Mixed Platforms.ActiveCfg = Release|Any CPU
		{0DA4E2DE-C397-4A06-B843-245A120DCF9E}.Release|Mixed Platforms.Build.0 = Release|Any CPU
		{0DA4E2DE-C397-4A06-B843-245A120DCF9E}.Release|x86.ActiveCfg = Release|Any CPU
	EndGlobalSection
	GlobalSection(SolutionProperties) = preSolution
		HideSolutionNode = FALSE
	EndGlobalSection
EndGlobal
